Microsoft Visual Studio Solution File, Format Version 12.00
# Visual Studio 15
VisualStudioVersion = 15.0.27428.2043
MinimumVisualStudioVersion = 10.0.40219.1
Project("{FAE04EC0-301F-11D3-BF4B-00C04F79EFBC}") = "CommunityGrapher.Tests", "Tests\CommunityGrapher.Tests.csproj", "{A5E9A810-E000-45E2-BEB7-39E8C93CC3D1}"
EndProject
Project("{FAE04EC0-301F-11D3-BF4B-00C04F79EFBC}") = "CommunityGrapher", "CommunityGrapher\CommunityGrapher.csproj", "{C7674D2C-827E-4848-A583-98E0C273813B}"
EndProject
Project("{FAE04EC0-301F-11D3-BF4B-00C04F79EFBC}") = "CommunityGrapher.D3", "CommunityGrapher.D3\CommunityGrapher.D3.csproj", "{28B29143-C854-4BDC-8930-B6C13A65FEAF}"
EndProject
Global
	GlobalSection(SolutionConfigurationPlatforms) = preSolution
		Debug|Any CPU = Debug|Any CPU
		Debug|x64 = Debug|x64
		Debug|x86 = Debug|x86
		Release|Any CPU = Release|Any CPU
		Release|x64 = Release|x64
		Release|x86 = Release|x86
	EndGlobalSection
	GlobalSection(ProjectConfigurationPlatforms) = postSolution
		{A5E9A810-E000-45E2-BEB7-39E8C93CC3D1}.Debug|Any CPU.ActiveCfg = Debug|Any CPU
		{A5E9A810-E000-45E2-BEB7-39E8C93CC3D1}.Debug|Any CPU.Build.0 = Debug|Any CPU
		{A5E9A810-E000-45E2-BEB7-39E8C93CC3D1}.Debug|x64.ActiveCfg = Debug|x64
		{A5E9A810-E000-45E2-BEB7-39E8C93CC3D1}.Debug|x64.Build.0 = Debug|x64
		{A5E9A810-E000-45E2-BEB7-39E8C93CC3D1}.Debug|x86.ActiveCfg = Debug|x86
		{A5E9A810-E000-45E2-BEB7-39E8C93CC3D1}.Debug|x86.Build.0 = Debug|x86
		{A5E9A810-E000-45E2-BEB7-39E8C93CC3D1}.Release|Any CPU.ActiveCfg = Release|Any CPU
		{A5E9A810-E000-45E2-BEB7-39E8C93CC3D1}.Release|Any CPU.Build.0 = Release|Any CPU
		{A5E9A810-E000-45E2-BEB7-39E8C93CC3D1}.Release|x64.ActiveCfg = Release|x64
		{A5E9A810-E000-45E2-BEB7-39E8C93CC3D1}.Release|x64.Build.0 = Release|x64
		{A5E9A810-E000-45E2-BEB7-39E8C93CC3D1}.Release|x86.ActiveCfg = Release|x86
		{A5E9A810-E000-45E2-BEB7-39E8C93CC3D1}.Release|x86.Build.0 = Release|x86
		{C7674D2C-827E-4848-A583-98E0C273813B}.Debug|Any CPU.ActiveCfg = Debug|Any CPU
		{C7674D2C-827E-4848-A583-98E0C273813B}.Debug|Any CPU.Build.0 = Debug|Any CPU
		{C7674D2C-827E-4848-A583-98E0C273813B}.Debug|x64.ActiveCfg = Debug|x64
		{C7674D2C-827E-4848-A583-98E0C273813B}.Debug|x64.Build.0 = Debug|x64
		{C7674D2C-827E-4848-A583-98E0C273813B}.Debug|x86.ActiveCfg = Debug|x86
		{C7674D2C-827E-4848-A583-98E0C273813B}.Debug|x86.Build.0 = Debug|x86
		{C7674D2C-827E-4848-A583-98E0C273813B}.Release|Any CPU.ActiveCfg = Release|Any CPU
		{C7674D2C-827E-4848-A583-98E0C273813B}.Release|Any CPU.Build.0 = Release|Any CPU
		{C7674D2C-827E-4848-A583-98E0C273813B}.Release|x64.ActiveCfg = Release|x64
		{C7674D2C-827E-4848-A583-98E0C273813B}.Release|x64.Build.0 = Release|x64
		{C7674D2C-827E-4848-A583-98E0C273813B}.Release|x86.ActiveCfg = Release|x86
		{C7674D2C-827E-4848-A583-98E0C273813B}.Release|x86.Build.0 = Release|x86
		{28B29143-C854-4BDC-8930-B6C13A65FEAF}.Debug|Any CPU.ActiveCfg = Debug|Any CPU
		{28B29143-C854-4BDC-8930-B6C13A65FEAF}.Debug|Any CPU.Build.0 = Debug|Any CPU
		{28B29143-C854-4BDC-8930-B6C13A65FEAF}.Debug|x64.ActiveCfg = Debug|x64
		{28B29143-C854-4BDC-8930-B6C13A65FEAF}.Debug|x64.Build.0 = Debug|x64
		{28B29143-C854-4BDC-8930-B6C13A65FEAF}.Debug|x86.ActiveCfg = Debug|x86
		{28B29143-C854-4BDC-8930-B6C13A65FEAF}.Debug|x86.Build.0 = Debug|x86
		{28B29143-C854-4BDC-8930-B6C13A65FEAF}.Release|Any CPU.ActiveCfg = Release|Any CPU
		{28B29143-C854-4BDC-8930-B6C13A65FEAF}.Release|Any CPU.Build.0 = Release|Any CPU
		{28B29143-C854-4BDC-8930-B6C13A65FEAF}.Release|x64.ActiveCfg = Release|x64
		{28B29143-C854-4BDC-8930-B6C13A65FEAF}.Release|x64.Build.0 = Release|x64
		{28B29143-C854-4BDC-8930-B6C13A65FEAF}.Release|x86.ActiveCfg = Release|x86
		{28B29143-C854-4BDC-8930-B6C13A65FEAF}.Release|x86.Build.0 = Release|x86
	EndGlobalSection
	GlobalSection(SolutionProperties) = preSolution
		HideSolutionNode = FALSE
	EndGlobalSection
	GlobalSection(ExtensibilityGlobals) = postSolution
		SolutionGuid = {EDAB4EE2-C41C-4BBF-A425-879E72D169A3}
	EndGlobalSection
EndGlobal
