Microsoft Visual Studio Solution File, Format Version 12.00
# Visual Studio 15
VisualStudioVersion = 15.0.27428.2043
MinimumVisualStudioVersion = 10.0.40219.1
Project("{9A19103F-16F7-4668-BE54-9A1E7A4F7556}") = "CommunityGrapher", "CommunityGrapher\CommunityGrapher.csproj", "{C7674D2C-827E-4848-A583-98E0C273813B}"
EndProject
Project("{9A19103F-16F7-4668-BE54-9A1E7A4F7556}") = "CommunityGrapher.D3", "CommunityGrapher.D3\CommunityGrapher.D3.csproj", "{28B29143-C854-4BDC-8930-B6C13A65FEAF}"
EndProject
Project("{2150E333-8FDC-42A3-9474-1A3956D46DE8}") = "Examples", "Examples", "{905B0D3C-69E8-422C-BDBC-4D8F99CAA41B}"
EndProject
Project("{9A19103F-16F7-4668-BE54-9A1E7A4F7556}") = "CommunitiesEvolution", "Examples\CommunitiesEvolution\CommunitiesEvolution.csproj", "{3B3E9C8B-2D72-467C-AA1C-189E4AD5C589}"
EndProject
Project("{2150E333-8FDC-42A3-9474-1A3956D46DE8}") = "Tests", "Tests", "{62A83FC8-2F09-4A3A-9324-2EF7934F224B}"
EndProject
Project("{9A19103F-16F7-4668-BE54-9A1E7A4F7556}") = "CommunityGrapher.Tests", "CommunityGrapher.Tests\CommunityGrapher.Tests.csproj", "{484C3636-B807-4D1C-A62E-5F9AA839CC96}"
EndProject
Project("{9A19103F-16F7-4668-BE54-9A1E7A4F7556}") = "CommunityGrapher.D3.Tests", "CommunityGrapher.D3.Tests\CommunityGrapher.D3.Tests.csproj", "{4118818E-1AE9-406F-A6F0-E3B901C78BE6}"
EndProject
Project("{9A19103F-16F7-4668-BE54-9A1E7A4F7556}") = "CommunityGrapher.Graphviz", "CommunityGrapher.Graphviz\CommunityGrapher.Graphviz.csproj", "{65DEF128-5D27-4CC6-B713-2300C854A135}"
EndProject
Project("{9A19103F-16F7-4668-BE54-9A1E7A4F7556}") = "CommunityGrapher.Graphviz.Tests", "CommunityGrapher.Graphviz.Tests\CommunityGrapher.Graphviz.Tests.csproj", "{41D4FB40-6801-496F-B27D-BB77E181C90A}"
EndProject
Project("{FAE04EC0-301F-11D3-BF4B-00C04F79EFBC}") = "CommunitiesGenerator", "Examples\CommunitiesGenerator\CommunitiesGenerator.csproj", "{EC28E5EF-5C8C-439E-846F-F675D639E473}"
EndProject
Project("{FAE04EC0-301F-11D3-BF4B-00C04F79EFBC}") = "CommunitiesVisualizer", "Examples\CommunitiesVisualizer\CommunitiesVisualizer.csproj", "{A9E6C558-A504-4F96-B85E-FEF158278217}"
EndProject
Global
	GlobalSection(SolutionConfigurationPlatforms) = preSolution
		Debug|Any CPU = Debug|Any CPU
		Debug|x64 = Debug|x64
		Debug|x86 = Debug|x86
		Release|Any CPU = Release|Any CPU
		Release|x64 = Release|x64
		Release|x86 = Release|x86
	EndGlobalSection
	GlobalSection(ProjectConfigurationPlatforms) = postSolution
		{C7674D2C-827E-4848-A583-98E0C273813B}.Debug|Any CPU.ActiveCfg = Debug|Any CPU
		{C7674D2C-827E-4848-A583-98E0C273813B}.Debug|Any CPU.Build.0 = Debug|Any CPU
		{C7674D2C-827E-4848-A583-98E0C273813B}.Debug|x64.ActiveCfg = Debug|x64
		{C7674D2C-827E-4848-A583-98E0C273813B}.Debug|x64.Build.0 = Debug|x64
		{C7674D2C-827E-4848-A583-98E0C273813B}.Debug|x86.ActiveCfg = Debug|x86
		{C7674D2C-827E-4848-A583-98E0C273813B}.Debug|x86.Build.0 = Debug|x86
		{C7674D2C-827E-4848-A583-98E0C273813B}.Release|Any CPU.ActiveCfg = Release|Any CPU
		{C7674D2C-827E-4848-A583-98E0C273813B}.Release|Any CPU.Build.0 = Release|Any CPU
		{C7674D2C-827E-4848-A583-98E0C273813B}.Release|x64.ActiveCfg = Release|x64
		{C7674D2C-827E-4848-A583-98E0C273813B}.Release|x64.Build.0 = Release|x64
		{C7674D2C-827E-4848-A583-98E0C273813B}.Release|x86.ActiveCfg = Release|x86
		{C7674D2C-827E-4848-A583-98E0C273813B}.Release|x86.Build.0 = Release|x86
		{28B29143-C854-4BDC-8930-B6C13A65FEAF}.Debug|Any CPU.ActiveCfg = Debug|Any CPU
		{28B29143-C854-4BDC-8930-B6C13A65FEAF}.Debug|Any CPU.Build.0 = Debug|Any CPU
		{28B29143-C854-4BDC-8930-B6C13A65FEAF}.Debug|x64.ActiveCfg = Debug|x64
		{28B29143-C854-4BDC-8930-B6C13A65FEAF}.Debug|x64.Build.0 = Debug|x64
		{28B29143-C854-4BDC-8930-B6C13A65FEAF}.Debug|x86.ActiveCfg = Debug|x86
		{28B29143-C854-4BDC-8930-B6C13A65FEAF}.Debug|x86.Build.0 = Debug|x86
		{28B29143-C854-4BDC-8930-B6C13A65FEAF}.Release|Any CPU.ActiveCfg = Release|Any CPU
		{28B29143-C854-4BDC-8930-B6C13A65FEAF}.Release|Any CPU.Build.0 = Release|Any CPU
		{28B29143-C854-4BDC-8930-B6C13A65FEAF}.Release|x64.ActiveCfg = Release|x64
		{28B29143-C854-4BDC-8930-B6C13A65FEAF}.Release|x64.Build.0 = Release|x64
		{28B29143-C854-4BDC-8930-B6C13A65FEAF}.Release|x86.ActiveCfg = Release|x86
		{28B29143-C854-4BDC-8930-B6C13A65FEAF}.Release|x86.Build.0 = Release|x86
		{3B3E9C8B-2D72-467C-AA1C-189E4AD5C589}.Debug|Any CPU.ActiveCfg = Debug|Any CPU
		{3B3E9C8B-2D72-467C-AA1C-189E4AD5C589}.Debug|Any CPU.Build.0 = Debug|Any CPU
		{3B3E9C8B-2D72-467C-AA1C-189E4AD5C589}.Debug|x64.ActiveCfg = Debug|x64
		{3B3E9C8B-2D72-467C-AA1C-189E4AD5C589}.Debug|x64.Build.0 = Debug|x64
		{3B3E9C8B-2D72-467C-AA1C-189E4AD5C589}.Debug|x86.ActiveCfg = Debug|x86
		{3B3E9C8B-2D72-467C-AA1C-189E4AD5C589}.Debug|x86.Build.0 = Debug|x86
		{3B3E9C8B-2D72-467C-AA1C-189E4AD5C589}.Release|Any CPU.ActiveCfg = Release|Any CPU
		{3B3E9C8B-2D72-467C-AA1C-189E4AD5C589}.Release|Any CPU.Build.0 = Release|Any CPU
		{3B3E9C8B-2D72-467C-AA1C-189E4AD5C589}.Release|x64.ActiveCfg = Release|x64
		{3B3E9C8B-2D72-467C-AA1C-189E4AD5C589}.Release|x64.Build.0 = Release|x64
		{3B3E9C8B-2D72-467C-AA1C-189E4AD5C589}.Release|x86.ActiveCfg = Release|x86
		{3B3E9C8B-2D72-467C-AA1C-189E4AD5C589}.Release|x86.Build.0 = Release|x86
		{484C3636-B807-4D1C-A62E-5F9AA839CC96}.Debug|Any CPU.ActiveCfg = Debug|Any CPU
		{484C3636-B807-4D1C-A62E-5F9AA839CC96}.Debug|Any CPU.Build.0 = Debug|Any CPU
		{484C3636-B807-4D1C-A62E-5F9AA839CC96}.Debug|x64.ActiveCfg = Debug|x64
		{484C3636-B807-4D1C-A62E-5F9AA839CC96}.Debug|x64.Build.0 = Debug|x64
		{484C3636-B807-4D1C-A62E-5F9AA839CC96}.Debug|x86.ActiveCfg = Debug|x86
		{484C3636-B807-4D1C-A62E-5F9AA839CC96}.Debug|x86.Build.0 = Debug|x86
		{484C3636-B807-4D1C-A62E-5F9AA839CC96}.Release|Any CPU.ActiveCfg = Release|Any CPU
		{484C3636-B807-4D1C-A62E-5F9AA839CC96}.Release|Any CPU.Build.0 = Release|Any CPU
		{484C3636-B807-4D1C-A62E-5F9AA839CC96}.Release|x64.ActiveCfg = Release|x64
		{484C3636-B807-4D1C-A62E-5F9AA839CC96}.Release|x64.Build.0 = Release|x64
		{484C3636-B807-4D1C-A62E-5F9AA839CC96}.Release|x86.ActiveCfg = Release|x86
		{484C3636-B807-4D1C-A62E-5F9AA839CC96}.Release|x86.Build.0 = Release|x86
		{4118818E-1AE9-406F-A6F0-E3B901C78BE6}.Debug|Any CPU.ActiveCfg = Debug|Any CPU
		{4118818E-1AE9-406F-A6F0-E3B901C78BE6}.Debug|Any CPU.Build.0 = Debug|Any CPU
		{4118818E-1AE9-406F-A6F0-E3B901C78BE6}.Debug|x64.ActiveCfg = Debug|x64
		{4118818E-1AE9-406F-A6F0-E3B901C78BE6}.Debug|x64.Build.0 = Debug|x64
		{4118818E-1AE9-406F-A6F0-E3B901C78BE6}.Debug|x86.ActiveCfg = Debug|x86
		{4118818E-1AE9-406F-A6F0-E3B901C78BE6}.Debug|x86.Build.0 = Debug|x86
		{4118818E-1AE9-406F-A6F0-E3B901C78BE6}.Release|Any CPU.ActiveCfg = Release|Any CPU
		{4118818E-1AE9-406F-A6F0-E3B901C78BE6}.Release|Any CPU.Build.0 = Release|Any CPU
		{4118818E-1AE9-406F-A6F0-E3B901C78BE6}.Release|x64.ActiveCfg = Release|x64
		{4118818E-1AE9-406F-A6F0-E3B901C78BE6}.Release|x64.Build.0 = Release|x64
		{4118818E-1AE9-406F-A6F0-E3B901C78BE6}.Release|x86.ActiveCfg = Release|x86
		{4118818E-1AE9-406F-A6F0-E3B901C78BE6}.Release|x86.Build.0 = Release|x86
		{65DEF128-5D27-4CC6-B713-2300C854A135}.Debug|Any CPU.ActiveCfg = Debug|Any CPU
		{65DEF128-5D27-4CC6-B713-2300C854A135}.Debug|Any CPU.Build.0 = Debug|Any CPU
		{65DEF128-5D27-4CC6-B713-2300C854A135}.Debug|x64.ActiveCfg = Debug|x64
		{65DEF128-5D27-4CC6-B713-2300C854A135}.Debug|x64.Build.0 = Debug|x64
		{65DEF128-5D27-4CC6-B713-2300C854A135}.Debug|x86.ActiveCfg = Debug|x86
		{65DEF128-5D27-4CC6-B713-2300C854A135}.Debug|x86.Build.0 = Debug|x86
		{65DEF128-5D27-4CC6-B713-2300C854A135}.Release|Any CPU.ActiveCfg = Release|Any CPU
		{65DEF128-5D27-4CC6-B713-2300C854A135}.Release|Any CPU.Build.0 = Release|Any CPU
		{65DEF128-5D27-4CC6-B713-2300C854A135}.Release|x64.ActiveCfg = Release|x64
		{65DEF128-5D27-4CC6-B713-2300C854A135}.Release|x64.Build.0 = Release|x64
		{65DEF128-5D27-4CC6-B713-2300C854A135}.Release|x86.ActiveCfg = Release|x86
		{65DEF128-5D27-4CC6-B713-2300C854A135}.Release|x86.Build.0 = Release|x86
		{41D4FB40-6801-496F-B27D-BB77E181C90A}.Debug|Any CPU.ActiveCfg = Debug|Any CPU
		{41D4FB40-6801-496F-B27D-BB77E181C90A}.Debug|Any CPU.Build.0 = Debug|Any CPU
		{41D4FB40-6801-496F-B27D-BB77E181C90A}.Debug|x64.ActiveCfg = Debug|x64
		{41D4FB40-6801-496F-B27D-BB77E181C90A}.Debug|x64.Build.0 = Debug|x64
		{41D4FB40-6801-496F-B27D-BB77E181C90A}.Debug|x86.ActiveCfg = Debug|x86
		{41D4FB40-6801-496F-B27D-BB77E181C90A}.Debug|x86.Build.0 = Debug|x86
		{41D4FB40-6801-496F-B27D-BB77E181C90A}.Release|Any CPU.ActiveCfg = Release|Any CPU
		{41D4FB40-6801-496F-B27D-BB77E181C90A}.Release|Any CPU.Build.0 = Release|Any CPU
		{41D4FB40-6801-496F-B27D-BB77E181C90A}.Release|x64.ActiveCfg = Release|x64
		{41D4FB40-6801-496F-B27D-BB77E181C90A}.Release|x64.Build.0 = Release|x64
		{41D4FB40-6801-496F-B27D-BB77E181C90A}.Release|x86.ActiveCfg = Release|x86
		{41D4FB40-6801-496F-B27D-BB77E181C90A}.Release|x86.Build.0 = Release|x86
		{EC28E5EF-5C8C-439E-846F-F675D639E473}.Debug|Any CPU.ActiveCfg = Debug|Any CPU
		{EC28E5EF-5C8C-439E-846F-F675D639E473}.Debug|Any CPU.Build.0 = Debug|Any CPU
		{EC28E5EF-5C8C-439E-846F-F675D639E473}.Debug|x64.ActiveCfg = Debug|x64
		{EC28E5EF-5C8C-439E-846F-F675D639E473}.Debug|x64.Build.0 = Debug|x64
		{EC28E5EF-5C8C-439E-846F-F675D639E473}.Debug|x86.ActiveCfg = Debug|x86
		{EC28E5EF-5C8C-439E-846F-F675D639E473}.Debug|x86.Build.0 = Debug|x86
		{EC28E5EF-5C8C-439E-846F-F675D639E473}.Release|Any CPU.ActiveCfg = Release|Any CPU
		{EC28E5EF-5C8C-439E-846F-F675D639E473}.Release|Any CPU.Build.0 = Release|Any CPU
		{EC28E5EF-5C8C-439E-846F-F675D639E473}.Release|x64.ActiveCfg = Release|x64
		{EC28E5EF-5C8C-439E-846F-F675D639E473}.Release|x64.Build.0 = Release|x64
		{EC28E5EF-5C8C-439E-846F-F675D639E473}.Release|x86.ActiveCfg = Release|x86
		{EC28E5EF-5C8C-439E-846F-F675D639E473}.Release|x86.Build.0 = Release|x86
		{A9E6C558-A504-4F96-B85E-FEF158278217}.Debug|Any CPU.ActiveCfg = Debug|Any CPU
		{A9E6C558-A504-4F96-B85E-FEF158278217}.Debug|Any CPU.Build.0 = Debug|Any CPU
		{A9E6C558-A504-4F96-B85E-FEF158278217}.Debug|x64.ActiveCfg = Debug|x64
		{A9E6C558-A504-4F96-B85E-FEF158278217}.Debug|x64.Build.0 = Debug|x64
		{A9E6C558-A504-4F96-B85E-FEF158278217}.Debug|x86.ActiveCfg = Debug|x86
		{A9E6C558-A504-4F96-B85E-FEF158278217}.Debug|x86.Build.0 = Debug|x86
		{A9E6C558-A504-4F96-B85E-FEF158278217}.Release|Any CPU.ActiveCfg = Release|Any CPU
		{A9E6C558-A504-4F96-B85E-FEF158278217}.Release|Any CPU.Build.0 = Release|Any CPU
		{A9E6C558-A504-4F96-B85E-FEF158278217}.Release|x64.ActiveCfg = Release|x64
		{A9E6C558-A504-4F96-B85E-FEF158278217}.Release|x64.Build.0 = Release|x64
		{A9E6C558-A504-4F96-B85E-FEF158278217}.Release|x86.ActiveCfg = Release|x86
		{A9E6C558-A504-4F96-B85E-FEF158278217}.Release|x86.Build.0 = Release|x86
	EndGlobalSection
	GlobalSection(SolutionProperties) = preSolution
		HideSolutionNode = FALSE
	EndGlobalSection
	GlobalSection(NestedProjects) = preSolution
		{3B3E9C8B-2D72-467C-AA1C-189E4AD5C589} = {905B0D3C-69E8-422C-BDBC-4D8F99CAA41B}
		{484C3636-B807-4D1C-A62E-5F9AA839CC96} = {62A83FC8-2F09-4A3A-9324-2EF7934F224B}
		{4118818E-1AE9-406F-A6F0-E3B901C78BE6} = {62A83FC8-2F09-4A3A-9324-2EF7934F224B}
		{41D4FB40-6801-496F-B27D-BB77E181C90A} = {62A83FC8-2F09-4A3A-9324-2EF7934F224B}
		{EC28E5EF-5C8C-439E-846F-F675D639E473} = {905B0D3C-69E8-422C-BDBC-4D8F99CAA41B}
		{A9E6C558-A504-4F96-B85E-FEF158278217} = {905B0D3C-69E8-422C-BDBC-4D8F99CAA41B}
	EndGlobalSection
	GlobalSection(ExtensibilityGlobals) = postSolution
		SolutionGuid = {EDAB4EE2-C41C-4BBF-A425-879E72D169A3}
	EndGlobalSection
EndGlobal
